
Microsoft Visual Studio Solution File, Format Version 12.00
Project("{2150E333-8FDC-42A3-9474-1A3956D46DE8}") = "modules", "modules", "{0082B452-004C-44BF-AB2F-32EB7D261242}"
EndProject
Project("{2150E333-8FDC-42A3-9474-1A3956D46DE8}") = "framework", "framework", "{9788555D-234C-4479-B1CA-50E43D0CD10C}"
EndProject
Project("{2150E333-8FDC-42A3-9474-1A3956D46DE8}") = "keycloak", "keycloak", "{A083163A-FD25-417D-9010-1BB5CC0317AD}"
EndProject
Project("{2150E333-8FDC-42A3-9474-1A3956D46DE8}") = "src", "src", "{3D0C8BE2-E7B2-46BF-84D4-C4744228E9E9}"
EndProject
Project("{2150E333-8FDC-42A3-9474-1A3956D46DE8}") = "test", "test", "{FBF3482C-128A-412A-AF5C-DDD992F6F1C7}"
EndProject
Project("{2150E333-8FDC-42A3-9474-1A3956D46DE8}") = "test", "test", "{545294C3-2CC7-4F40-8FE2-7C49D898FD55}"
EndProject
Project("{2150E333-8FDC-42A3-9474-1A3956D46DE8}") = "src", "src", "{D71118A1-1B5E-4C05-8C24-4D3AAAE1BEEB}"
EndProject
Project("{2150E333-8FDC-42A3-9474-1A3956D46DE8}") = "permission-management", "permission-management", "{B7CDAF6C-3FD5-493B-898E-F078F146A8A5}"
EndProject
Project("{2150E333-8FDC-42A3-9474-1A3956D46DE8}") = "src", "src", "{1DD6CFF6-C68E-4BA8-A4A2-E9F95204146F}"
EndProject
Project("{2150E333-8FDC-42A3-9474-1A3956D46DE8}") = "test", "test", "{8BFCA1E3-3455-4C12-B4D5-C09F427E067E}"
EndProject
Project("{2150E333-8FDC-42A3-9474-1A3956D46DE8}") = "image-storing", "image-storing", "{025C2C6A-9856-4B76-BA04-E83EC4D0835D}"
EndProject
Project("{2150E333-8FDC-42A3-9474-1A3956D46DE8}") = "src", "src", "{5E4351F5-94E0-48B6-ADD1-EBE8390B1BE1}"
EndProject
Project("{2150E333-8FDC-42A3-9474-1A3956D46DE8}") = "test", "test", "{8BFEEC91-9A3C-4B66-B128-2CE7B8B22AE9}"
EndProject
Project("{FAE04EC0-301F-11D3-BF4B-00C04F79EFBC}") = "Rubrum.Abp.Graphql.Contracts", "framework\src\Rubrum.Abp.Graphql.Contracts\Rubrum.Abp.Graphql.Contracts.csproj", "{4B66683B-4CA4-430A-9DBB-8A190FE25F86}"
EndProject
Project("{FAE04EC0-301F-11D3-BF4B-00C04F79EFBC}") = "Rubrum.Abp.Data", "framework\src\Rubrum.Abp.Data\Rubrum.Abp.Data.csproj", "{A2D1CFDA-3FAF-4184-BBAB-07DC79CA3D8C}"
EndProject
Project("{FAE04EC0-301F-11D3-BF4B-00C04F79EFBC}") = "Rubrum.Abp.Core", "framework\src\Rubrum.Abp.Core\Rubrum.Abp.Core.csproj", "{44720785-6D33-4204-8C46-D1BF7B5379C5}"
EndProject
Project("{FAE04EC0-301F-11D3-BF4B-00C04F79EFBC}") = "Rubrum.Abp.Graphql", "framework\src\Rubrum.Abp.Graphql\Rubrum.Abp.Graphql.csproj", "{2740EF53-A383-4833-A550-51D02CA6121D}"
EndProject
Project("{FAE04EC0-301F-11D3-BF4B-00C04F79EFBC}") = "Rubrum.Abp.Keycloak", "framework\src\Rubrum.Abp.Keycloak\Rubrum.Abp.Keycloak.csproj", "{2E4F7123-739B-407E-941C-B6F13D6D7D8F}"
EndProject
Project("{FAE04EC0-301F-11D3-BF4B-00C04F79EFBC}") = "Rubrum.Abp.PermissionManagement.HttpApi.Grpc", "modules\permission-management\src\Rubrum.Abp.PermissionManagement.HttpApi.Grpc\Rubrum.Abp.PermissionManagement.HttpApi.Grpc.csproj", "{59BE7FE2-B377-4FF1-9589-61E2384E97F3}"
EndProject
Project("{FAE04EC0-301F-11D3-BF4B-00C04F79EFBC}") = "Rubrum.Abp.PermissionManagement.HttpApi.Grpc.Client", "modules\permission-management\src\Rubrum.Abp.PermissionManagement.HttpApi.Grpc.Client\Rubrum.Abp.PermissionManagement.HttpApi.Grpc.Client.csproj", "{3A543EAB-19F0-43F9-B82A-A94FEF5FAE9A}"
EndProject
Project("{FAE04EC0-301F-11D3-BF4B-00C04F79EFBC}") = "Rubrum.Abp.PermissionManagement.HttpApi.Grpc.Client.Tests", "modules\permission-management\test\Rubrum.Abp.PermissionManagement.HttpApi.Grpc.Client.Tests\Rubrum.Abp.PermissionManagement.HttpApi.Grpc.Client.Tests.csproj", "{97840FD0-CBC4-4823-8030-1808E7B2B7D7}"
EndProject
Project("{FAE04EC0-301F-11D3-BF4B-00C04F79EFBC}") = "Rubrum.Abp.PermissionManagement.HttpApi.Grpc.Tests", "modules\permission-management\test\Rubrum.Abp.PermissionManagement.HttpApi.Grpc.Tests\Rubrum.Abp.PermissionManagement.HttpApi.Grpc.Tests.csproj", "{F0BEBC5C-C328-4A71-8591-88F939601389}"
EndProject
Project("{FAE04EC0-301F-11D3-BF4B-00C04F79EFBC}") = "Rubrum.Abp.Keycloak.Application", "modules\keycloak\src\Rubrum.Abp.Keycloak.Application\Rubrum.Abp.Keycloak.Application.csproj", "{B32A33B6-554F-4BC3-A04A-64018F46879E}"
EndProject
Project("{FAE04EC0-301F-11D3-BF4B-00C04F79EFBC}") = "Rubrum.Abp.Keycloak.Application.Contracts", "modules\keycloak\src\Rubrum.Abp.Keycloak.Application.Contracts\Rubrum.Abp.Keycloak.Application.Contracts.csproj", "{8715B624-D1E2-4705-96C0-DF41DDB98D78}"
EndProject
Project("{FAE04EC0-301F-11D3-BF4B-00C04F79EFBC}") = "Rubrum.Abp.Keycloak.Domain", "modules\keycloak\src\Rubrum.Abp.Keycloak.Domain\Rubrum.Abp.Keycloak.Domain.csproj", "{021991BF-6621-4C6B-BC4D-43AE8834EFC2}"
EndProject
Project("{FAE04EC0-301F-11D3-BF4B-00C04F79EFBC}") = "Rubrum.Abp.Keycloak.Domain.Shared", "modules\keycloak\src\Rubrum.Abp.Keycloak.Domain.Shared\Rubrum.Abp.Keycloak.Domain.Shared.csproj", "{07EFF3A0-23D0-49E0-B021-A693BC8EB036}"
EndProject
Project("{FAE04EC0-301F-11D3-BF4B-00C04F79EFBC}") = "Rubrum.Abp.Keycloak.Graphql", "modules\keycloak\src\Rubrum.Abp.Keycloak.Graphql\Rubrum.Abp.Keycloak.Graphql.csproj", "{BA7BB380-5851-47ED-90B4-58C6C9A150DC}"
EndProject
Project("{FAE04EC0-301F-11D3-BF4B-00C04F79EFBC}") = "Rubrum.Abp.Keycloak.Graphql.Contracts", "modules\keycloak\src\Rubrum.Abp.Keycloak.Graphql.Contracts\Rubrum.Abp.Keycloak.Graphql.Contracts.csproj", "{275E2B6A-6A29-4BD5-A5DC-77815FA9A886}"
EndProject
Project("{FAE04EC0-301F-11D3-BF4B-00C04F79EFBC}") = "Rubrum.Abp.Keycloak.HttpApi", "modules\keycloak\src\Rubrum.Abp.Keycloak.HttpApi\Rubrum.Abp.Keycloak.HttpApi.csproj", "{D6E17213-B65C-4012-A5E4-4E843CB4ACC2}"
EndProject
Project("{FAE04EC0-301F-11D3-BF4B-00C04F79EFBC}") = "Rubrum.Abp.Keycloak.HttpApi.Client", "modules\keycloak\src\Rubrum.Abp.Keycloak.HttpApi.Client\Rubrum.Abp.Keycloak.HttpApi.Client.csproj", "{2ED19814-0D4A-4D99-A058-920D45D8D8AA}"
EndProject
Project("{FAE04EC0-301F-11D3-BF4B-00C04F79EFBC}") = "Rubrum.Abp.Keycloak.Application.Tests", "modules\keycloak\test\Rubrum.Abp.Keycloak.Application.Tests\Rubrum.Abp.Keycloak.Application.Tests.csproj", "{9DEFB812-21C5-4CCC-95E1-878527F13EDE}"
EndProject
Project("{FAE04EC0-301F-11D3-BF4B-00C04F79EFBC}") = "Rubrum.Abp.Keycloak.Domain.Tests", "modules\keycloak\test\Rubrum.Abp.Keycloak.Domain.Tests\Rubrum.Abp.Keycloak.Domain.Tests.csproj", "{989F977D-5B96-4541-B589-84D51F754D4B}"
EndProject
Project("{FAE04EC0-301F-11D3-BF4B-00C04F79EFBC}") = "Rubrum.Abp.Keycloak.Graphql.Tests", "modules\keycloak\test\Rubrum.Abp.Keycloak.Graphql.Tests\Rubrum.Abp.Keycloak.Graphql.Tests.csproj", "{AF711EC6-3E57-4084-8158-2FFA9BE84EE9}"
EndProject
Project("{FAE04EC0-301F-11D3-BF4B-00C04F79EFBC}") = "Rubrum.Abp.Keycloak.TestBase", "modules\keycloak\test\Rubrum.Abp.Keycloak.TestBase\Rubrum.Abp.Keycloak.TestBase.csproj", "{A2912281-6E01-499C-9581-F2F45D222D1E}"
EndProject
Project("{FAE04EC0-301F-11D3-BF4B-00C04F79EFBC}") = "Rubrum.Abp.ImageStoring.Application", "modules\image-storing\src\Rubrum.Abp.ImageStoring.Application\Rubrum.Abp.ImageStoring.Application.csproj", "{B518F2F9-8582-41B8-97BF-76E59DB405A7}"
EndProject
Project("{FAE04EC0-301F-11D3-BF4B-00C04F79EFBC}") = "Rubrum.Abp.ImageStoring.Application.Contracts", "modules\image-storing\src\Rubrum.Abp.ImageStoring.Application.Contracts\Rubrum.Abp.ImageStoring.Application.Contracts.csproj", "{994E9836-4547-4F36-B7CB-8A803F095FA6}"
EndProject
Project("{FAE04EC0-301F-11D3-BF4B-00C04F79EFBC}") = "Rubrum.Abp.ImageStoring.Domain", "modules\image-storing\src\Rubrum.Abp.ImageStoring.Domain\Rubrum.Abp.ImageStoring.Domain.csproj", "{72799D72-A460-408D-A26B-BEA92A472349}"
EndProject
Project("{FAE04EC0-301F-11D3-BF4B-00C04F79EFBC}") = "Rubrum.Abp.ImageStoring.Domain.Shared", "modules\image-storing\src\Rubrum.Abp.ImageStoring.Domain.Shared\Rubrum.Abp.ImageStoring.Domain.Shared.csproj", "{CA53FA59-879F-4ABA-B2AC-F96B33368C5D}"
EndProject
Project("{FAE04EC0-301F-11D3-BF4B-00C04F79EFBC}") = "Rubrum.Abp.ImageStoring.EntityFrameworkCore", "modules\image-storing\src\Rubrum.Abp.ImageStoring.EntityFrameworkCore\Rubrum.Abp.ImageStoring.EntityFrameworkCore.csproj", "{61BDE637-4709-4995-B53C-25DB2171B1A9}"
EndProject
Project("{FAE04EC0-301F-11D3-BF4B-00C04F79EFBC}") = "Rubrum.Abp.ImageStoring.Graphql.Contracts", "modules\image-storing\src\Rubrum.Abp.ImageStoring.Graphql.Contracts\Rubrum.Abp.ImageStoring.Graphql.Contracts.csproj", "{1926B27D-BE18-4799-8E79-087952A25E7B}"
EndProject
Project("{FAE04EC0-301F-11D3-BF4B-00C04F79EFBC}") = "Rubrum.Abp.ImageStoring.HttpApi", "modules\image-storing\src\Rubrum.Abp.ImageStoring.HttpApi\Rubrum.Abp.ImageStoring.HttpApi.csproj", "{87D25394-F1D4-49A2-911A-B6F4A7CD915D}"
EndProject
Project("{FAE04EC0-301F-11D3-BF4B-00C04F79EFBC}") = "Rubrum.Abp.ImageStoring.HttpApi.Client", "modules\image-storing\src\Rubrum.Abp.ImageStoring.HttpApi.Client\Rubrum.Abp.ImageStoring.HttpApi.Client.csproj", "{56F0EBA8-D9C0-4880-9A2E-4FA05007FDE0}"
EndProject
Project("{FAE04EC0-301F-11D3-BF4B-00C04F79EFBC}") = "Rubrum.Abp.ImageStoring.Application.Tests", "modules\image-storing\test\Rubrum.Abp.ImageStoring.Application.Tests\Rubrum.Abp.ImageStoring.Application.Tests.csproj", "{973E8C63-7FC6-47BE-A687-48EBA8E9926D}"
EndProject
Project("{FAE04EC0-301F-11D3-BF4B-00C04F79EFBC}") = "Rubrum.Abp.ImageStoring.Domain.Tests", "modules\image-storing\test\Rubrum.Abp.ImageStoring.Domain.Tests\Rubrum.Abp.ImageStoring.Domain.Tests.csproj", "{032204AF-50E2-4220-8857-D02150BFE7AC}"
EndProject
Project("{FAE04EC0-301F-11D3-BF4B-00C04F79EFBC}") = "Rubrum.Abp.ImageStoring.EntityFrameworkCore.Tests", "modules\image-storing\test\Rubrum.Abp.ImageStoring.EntityFrameworkCore.Tests\Rubrum.Abp.ImageStoring.EntityFrameworkCore.Tests.csproj", "{F8576EF4-8E2C-439B-AB96-66CCC9609D1C}"
EndProject
Project("{FAE04EC0-301F-11D3-BF4B-00C04F79EFBC}") = "Rubrum.Abp.ImageStoring.TestBase", "modules\image-storing\test\Rubrum.Abp.ImageStoring.TestBase\Rubrum.Abp.ImageStoring.TestBase.csproj", "{7FA951F2-071F-419A-8591-48FF913F8CE2}"
EndProject
Project("{FAE04EC0-301F-11D3-BF4B-00C04F79EFBC}") = "Rubrum.Abp.Keycloak.Tests", "framework\test\Rubrum.Abp.Keycloak.Tests\Rubrum.Abp.Keycloak.Tests.csproj", "{C5EF3BF8-6144-4848-826B-318BFBEA9704}"
EndProject
Project("{FAE04EC0-301F-11D3-BF4B-00C04F79EFBC}") = "Rubrum.Abp.Graphql.Tests", "framework\test\Rubrum.Abp.Graphql.Tests\Rubrum.Abp.Graphql.Tests.csproj", "{BEDAE24C-7E75-4DAD-8821-A60316C4DD9F}"
EndProject
Project("{FAE04EC0-301F-11D3-BF4B-00C04F79EFBC}") = "Rubrum.Abp.Data.Tests", "framework\test\Rubrum.Abp.Data.Tests\Rubrum.Abp.Data.Tests.csproj", "{8E91A592-4ED1-4539-A088-BAAD178A5887}"
EndProject
Project("{FAE04EC0-301F-11D3-BF4B-00C04F79EFBC}") = "Rubrum.Abp.Cqrs.Mediatr.Tests", "framework\test\Rubrum.Abp.Cqrs.Mediatr.Tests\Rubrum.Abp.Cqrs.Mediatr.Tests.csproj", "{5275C929-3EA6-4967-BCF6-760629DB7243}"
EndProject
Project("{FAE04EC0-301F-11D3-BF4B-00C04F79EFBC}") = "Rubrum.Abp.Keycloak.Abstractions", "framework\src\Rubrum.Abp.Keycloak.Abstractions\Rubrum.Abp.Keycloak.Abstractions.csproj", "{CB945760-D704-4822-BA39-016175841F9A}"
EndProject
Project("{FAE04EC0-301F-11D3-BF4B-00C04F79EFBC}") = "Rubrum.Abp.Graphql.FluentValidation", "framework\src\Rubrum.Abp.Graphql.FluentValidation\Rubrum.Abp.Graphql.FluentValidation.csproj", "{D7093FCF-998F-4653-8F35-936174666AB0}"
EndProject
Project("{FAE04EC0-301F-11D3-BF4B-00C04F79EFBC}") = "Rubrum.Abp.Graphql.TestBase", "framework\src\Rubrum.Abp.Graphql.TestBase\Rubrum.Abp.Graphql.TestBase.csproj", "{CC4A8424-F605-44A5-B274-1DB9006AA5DE}"
EndProject
Project("{FAE04EC0-301F-11D3-BF4B-00C04F79EFBC}") = "Rubrum.Abp.Graphql.FluentValidation.Tests", "framework\test\Rubrum.Abp.Graphql.FluentValidation.Tests\Rubrum.Abp.Graphql.FluentValidation.Tests.csproj", "{ED70EE1D-2AE4-467B-9638-21FF46B8F504}"
EndProject
Project("{FAE04EC0-301F-11D3-BF4B-00C04F79EFBC}") = "Rubrum.Abp.MultilingualObjects", "framework\src\Rubrum.Abp.MultilingualObjects\Rubrum.Abp.MultilingualObjects.csproj", "{CF699804-8FD8-4CF0-B850-E98F82418B1E}"
EndProject
Project("{2150E333-8FDC-42A3-9474-1A3956D46DE8}") = "language-management", "language-management", "{43351D6C-CF82-4679-A12E-2DBEEA5E7110}"
EndProject
Project("{2150E333-8FDC-42A3-9474-1A3956D46DE8}") = "src", "src", "{5A2C3572-B8BC-4EA2-8953-C0589B61A3F3}"
EndProject
Project("{2150E333-8FDC-42A3-9474-1A3956D46DE8}") = "test", "test", "{0AA00B1C-C40A-4CBD-8B3E-D4AD39807BAB}"
EndProject
Project("{FAE04EC0-301F-11D3-BF4B-00C04F79EFBC}") = "Rubrum.Abp.LanguageManagement.Application", "modules\language-management\src\Rubrum.Abp.LanguageManagement.Application\Rubrum.Abp.LanguageManagement.Application.csproj", "{A9FC9CF5-F834-421F-82C0-7F1414A6496A}"
EndProject
Project("{FAE04EC0-301F-11D3-BF4B-00C04F79EFBC}") = "Rubrum.Abp.LanguageManagement.Application.Contracts", "modules\language-management\src\Rubrum.Abp.LanguageManagement.Application.Contracts\Rubrum.Abp.LanguageManagement.Application.Contracts.csproj", "{7E671B3D-934E-4836-BAC9-BF2AFCDFE029}"
EndProject
Project("{FAE04EC0-301F-11D3-BF4B-00C04F79EFBC}") = "Rubrum.Abp.LanguageManagement.Domain", "modules\language-management\src\Rubrum.Abp.LanguageManagement.Domain\Rubrum.Abp.LanguageManagement.Domain.csproj", "{F63CD853-7F42-45A9-ACA0-DF37E45A2D7F}"
EndProject
Project("{FAE04EC0-301F-11D3-BF4B-00C04F79EFBC}") = "Rubrum.Abp.LanguageManagement.Domain.Shared", "modules\language-management\src\Rubrum.Abp.LanguageManagement.Domain.Shared\Rubrum.Abp.LanguageManagement.Domain.Shared.csproj", "{1E00A629-6748-470A-AE51-8C4EA282C87E}"
EndProject
Project("{FAE04EC0-301F-11D3-BF4B-00C04F79EFBC}") = "Rubrum.Abp.LanguageManagement.EntityFrameworkCore", "modules\language-management\src\Rubrum.Abp.LanguageManagement.EntityFrameworkCore\Rubrum.Abp.LanguageManagement.EntityFrameworkCore.csproj", "{8A98D1D2-0C3B-4DB8-A833-9D0B2F514D29}"
EndProject
Project("{FAE04EC0-301F-11D3-BF4B-00C04F79EFBC}") = "Rubrum.Abp.LanguageManagement.Graphql", "modules\language-management\src\Rubrum.Abp.LanguageManagement.Graphql\Rubrum.Abp.LanguageManagement.Graphql.csproj", "{3AEE6D97-8BAA-4CEA-BEF3-C9FCB12B58B9}"
EndProject
Project("{FAE04EC0-301F-11D3-BF4B-00C04F79EFBC}") = "Rubrum.Abp.LanguageManagement.Graphql.Contracts", "modules\language-management\src\Rubrum.Abp.LanguageManagement.Graphql.Contracts\Rubrum.Abp.LanguageManagement.Graphql.Contracts.csproj", "{2485362D-566B-4D52-A16F-BD1ED34410DB}"
EndProject
Project("{FAE04EC0-301F-11D3-BF4B-00C04F79EFBC}") = "Rubrum.Abp.LanguageManagement.HttpApi", "modules\language-management\src\Rubrum.Abp.LanguageManagement.HttpApi\Rubrum.Abp.LanguageManagement.HttpApi.csproj", "{97FA2EC9-128C-4906-A496-2DBE9B472029}"
EndProject
Project("{FAE04EC0-301F-11D3-BF4B-00C04F79EFBC}") = "Rubrum.Abp.LanguageManagement.HttpApi.Client", "modules\language-management\src\Rubrum.Abp.LanguageManagement.HttpApi.Client\Rubrum.Abp.LanguageManagement.HttpApi.Client.csproj", "{A624ADA2-B8BF-48FA-964B-5E1C31B84B30}"
EndProject
Project("{FAE04EC0-301F-11D3-BF4B-00C04F79EFBC}") = "Rubrum.Abp.LanguageManagement.Application.Tests", "modules\language-management\test\Rubrum.Abp.LanguageManagement.Application.Tests\Rubrum.Abp.LanguageManagement.Application.Tests.csproj", "{7906DEF1-1322-4586-A65C-702F4702455C}"
EndProject
Project("{FAE04EC0-301F-11D3-BF4B-00C04F79EFBC}") = "Rubrum.Abp.LanguageManagement.Domain.Tests", "modules\language-management\test\Rubrum.Abp.LanguageManagement.Domain.Tests\Rubrum.Abp.LanguageManagement.Domain.Tests.csproj", "{AC60FBC8-278A-4084-96F4-99B42ACF3179}"
EndProject
Project("{FAE04EC0-301F-11D3-BF4B-00C04F79EFBC}") = "Rubrum.Abp.LanguageManagement.EntityFrameworkCore.Tests", "modules\language-management\test\Rubrum.Abp.LanguageManagement.EntityFrameworkCore.Tests\Rubrum.Abp.LanguageManagement.EntityFrameworkCore.Tests.csproj", "{8ADABB46-E05A-48EB-9F1D-4B1092E25C61}"
EndProject
Project("{FAE04EC0-301F-11D3-BF4B-00C04F79EFBC}") = "Rubrum.Abp.LanguageManagement.Graphql.Tests", "modules\language-management\test\Rubrum.Abp.LanguageManagement.Graphql.Tests\Rubrum.Abp.LanguageManagement.Graphql.Tests.csproj", "{57A84510-68D7-4AD7-A449-C78ADD1B660C}"
EndProject
Project("{FAE04EC0-301F-11D3-BF4B-00C04F79EFBC}") = "Rubrum.Abp.LanguageManagement.TestBase", "modules\language-management\test\Rubrum.Abp.LanguageManagement.TestBase\Rubrum.Abp.LanguageManagement.TestBase.csproj", "{E4D44521-4C65-41CA-895B-27D621F1FF92}"
EndProject
Project("{FAE04EC0-301F-11D3-BF4B-00C04F79EFBC}") = "Rubrum.Abp.MultilingualObjects.Tests", "framework\test\Rubrum.Abp.MultilingualObjects.Tests\Rubrum.Abp.MultilingualObjects.Tests.csproj", "{C2A402E4-1E20-454F-8E2F-47A07FBD480F}"
EndProject
Project("{FAE04EC0-301F-11D3-BF4B-00C04F79EFBC}") = "Rubrum.Abp.Graphql.MultilingualObjects", "framework\src\Rubrum.Abp.Graphql.MultilingualObjects\Rubrum.Abp.Graphql.MultilingualObjects.csproj", "{DC04723A-041B-448E-B3AA-877B7FC60F03}"
EndProject
Project("{FAE04EC0-301F-11D3-BF4B-00C04F79EFBC}") = "Rubrum.Abp.Graphql.MultilingualObjects.Tests", "framework\test\Rubrum.Abp.Graphql.MultilingualObjects.Tests\Rubrum.Abp.Graphql.MultilingualObjects.Tests.csproj", "{290105D0-789D-4F08-A950-5941008BB2BA}"
EndProject
Global
	GlobalSection(SolutionConfigurationPlatforms) = preSolution
		Debug|Any CPU = Debug|Any CPU
		Release|Any CPU = Release|Any CPU
	EndGlobalSection
	GlobalSection(NestedProjects) = preSolution
		{A083163A-FD25-417D-9010-1BB5CC0317AD} = {0082B452-004C-44BF-AB2F-32EB7D261242}
		{3D0C8BE2-E7B2-46BF-84D4-C4744228E9E9} = {A083163A-FD25-417D-9010-1BB5CC0317AD}
		{FBF3482C-128A-412A-AF5C-DDD992F6F1C7} = {A083163A-FD25-417D-9010-1BB5CC0317AD}
		{545294C3-2CC7-4F40-8FE2-7C49D898FD55} = {9788555D-234C-4479-B1CA-50E43D0CD10C}
		{D71118A1-1B5E-4C05-8C24-4D3AAAE1BEEB} = {9788555D-234C-4479-B1CA-50E43D0CD10C}
		{B7CDAF6C-3FD5-493B-898E-F078F146A8A5} = {0082B452-004C-44BF-AB2F-32EB7D261242}
		{1DD6CFF6-C68E-4BA8-A4A2-E9F95204146F} = {B7CDAF6C-3FD5-493B-898E-F078F146A8A5}
		{8BFCA1E3-3455-4C12-B4D5-C09F427E067E} = {B7CDAF6C-3FD5-493B-898E-F078F146A8A5}
		{025C2C6A-9856-4B76-BA04-E83EC4D0835D} = {0082B452-004C-44BF-AB2F-32EB7D261242}
		{5E4351F5-94E0-48B6-ADD1-EBE8390B1BE1} = {025C2C6A-9856-4B76-BA04-E83EC4D0835D}
		{8BFEEC91-9A3C-4B66-B128-2CE7B8B22AE9} = {025C2C6A-9856-4B76-BA04-E83EC4D0835D}
		{4B66683B-4CA4-430A-9DBB-8A190FE25F86} = {D71118A1-1B5E-4C05-8C24-4D3AAAE1BEEB}
		{A2D1CFDA-3FAF-4184-BBAB-07DC79CA3D8C} = {D71118A1-1B5E-4C05-8C24-4D3AAAE1BEEB}
		{44720785-6D33-4204-8C46-D1BF7B5379C5} = {D71118A1-1B5E-4C05-8C24-4D3AAAE1BEEB}
		{2740EF53-A383-4833-A550-51D02CA6121D} = {D71118A1-1B5E-4C05-8C24-4D3AAAE1BEEB}
		{2E4F7123-739B-407E-941C-B6F13D6D7D8F} = {D71118A1-1B5E-4C05-8C24-4D3AAAE1BEEB}
		{59BE7FE2-B377-4FF1-9589-61E2384E97F3} = {1DD6CFF6-C68E-4BA8-A4A2-E9F95204146F}
		{3A543EAB-19F0-43F9-B82A-A94FEF5FAE9A} = {1DD6CFF6-C68E-4BA8-A4A2-E9F95204146F}
		{97840FD0-CBC4-4823-8030-1808E7B2B7D7} = {8BFCA1E3-3455-4C12-B4D5-C09F427E067E}
		{F0BEBC5C-C328-4A71-8591-88F939601389} = {8BFCA1E3-3455-4C12-B4D5-C09F427E067E}
		{B32A33B6-554F-4BC3-A04A-64018F46879E} = {3D0C8BE2-E7B2-46BF-84D4-C4744228E9E9}
		{8715B624-D1E2-4705-96C0-DF41DDB98D78} = {3D0C8BE2-E7B2-46BF-84D4-C4744228E9E9}
		{021991BF-6621-4C6B-BC4D-43AE8834EFC2} = {3D0C8BE2-E7B2-46BF-84D4-C4744228E9E9}
		{07EFF3A0-23D0-49E0-B021-A693BC8EB036} = {3D0C8BE2-E7B2-46BF-84D4-C4744228E9E9}
		{BA7BB380-5851-47ED-90B4-58C6C9A150DC} = {3D0C8BE2-E7B2-46BF-84D4-C4744228E9E9}
		{275E2B6A-6A29-4BD5-A5DC-77815FA9A886} = {3D0C8BE2-E7B2-46BF-84D4-C4744228E9E9}
		{D6E17213-B65C-4012-A5E4-4E843CB4ACC2} = {3D0C8BE2-E7B2-46BF-84D4-C4744228E9E9}
		{2ED19814-0D4A-4D99-A058-920D45D8D8AA} = {3D0C8BE2-E7B2-46BF-84D4-C4744228E9E9}
		{9DEFB812-21C5-4CCC-95E1-878527F13EDE} = {FBF3482C-128A-412A-AF5C-DDD992F6F1C7}
		{989F977D-5B96-4541-B589-84D51F754D4B} = {FBF3482C-128A-412A-AF5C-DDD992F6F1C7}
		{AF711EC6-3E57-4084-8158-2FFA9BE84EE9} = {FBF3482C-128A-412A-AF5C-DDD992F6F1C7}
		{A2912281-6E01-499C-9581-F2F45D222D1E} = {FBF3482C-128A-412A-AF5C-DDD992F6F1C7}
		{B518F2F9-8582-41B8-97BF-76E59DB405A7} = {5E4351F5-94E0-48B6-ADD1-EBE8390B1BE1}
		{994E9836-4547-4F36-B7CB-8A803F095FA6} = {5E4351F5-94E0-48B6-ADD1-EBE8390B1BE1}
		{72799D72-A460-408D-A26B-BEA92A472349} = {5E4351F5-94E0-48B6-ADD1-EBE8390B1BE1}
		{CA53FA59-879F-4ABA-B2AC-F96B33368C5D} = {5E4351F5-94E0-48B6-ADD1-EBE8390B1BE1}
		{61BDE637-4709-4995-B53C-25DB2171B1A9} = {5E4351F5-94E0-48B6-ADD1-EBE8390B1BE1}
		{1926B27D-BE18-4799-8E79-087952A25E7B} = {5E4351F5-94E0-48B6-ADD1-EBE8390B1BE1}
		{87D25394-F1D4-49A2-911A-B6F4A7CD915D} = {5E4351F5-94E0-48B6-ADD1-EBE8390B1BE1}
		{56F0EBA8-D9C0-4880-9A2E-4FA05007FDE0} = {5E4351F5-94E0-48B6-ADD1-EBE8390B1BE1}
		{973E8C63-7FC6-47BE-A687-48EBA8E9926D} = {8BFEEC91-9A3C-4B66-B128-2CE7B8B22AE9}
		{032204AF-50E2-4220-8857-D02150BFE7AC} = {8BFEEC91-9A3C-4B66-B128-2CE7B8B22AE9}
		{F8576EF4-8E2C-439B-AB96-66CCC9609D1C} = {8BFEEC91-9A3C-4B66-B128-2CE7B8B22AE9}
		{7FA951F2-071F-419A-8591-48FF913F8CE2} = {8BFEEC91-9A3C-4B66-B128-2CE7B8B22AE9}
		{C5EF3BF8-6144-4848-826B-318BFBEA9704} = {545294C3-2CC7-4F40-8FE2-7C49D898FD55}
		{BEDAE24C-7E75-4DAD-8821-A60316C4DD9F} = {545294C3-2CC7-4F40-8FE2-7C49D898FD55}
		{8E91A592-4ED1-4539-A088-BAAD178A5887} = {545294C3-2CC7-4F40-8FE2-7C49D898FD55}
		{5275C929-3EA6-4967-BCF6-760629DB7243} = {545294C3-2CC7-4F40-8FE2-7C49D898FD55}
		{CB945760-D704-4822-BA39-016175841F9A} = {D71118A1-1B5E-4C05-8C24-4D3AAAE1BEEB}
		{D7093FCF-998F-4653-8F35-936174666AB0} = {D71118A1-1B5E-4C05-8C24-4D3AAAE1BEEB}
		{CC4A8424-F605-44A5-B274-1DB9006AA5DE} = {D71118A1-1B5E-4C05-8C24-4D3AAAE1BEEB}
		{ED70EE1D-2AE4-467B-9638-21FF46B8F504} = {545294C3-2CC7-4F40-8FE2-7C49D898FD55}
		{CF699804-8FD8-4CF0-B850-E98F82418B1E} = {D71118A1-1B5E-4C05-8C24-4D3AAAE1BEEB}
		{43351D6C-CF82-4679-A12E-2DBEEA5E7110} = {0082B452-004C-44BF-AB2F-32EB7D261242}
		{5A2C3572-B8BC-4EA2-8953-C0589B61A3F3} = {43351D6C-CF82-4679-A12E-2DBEEA5E7110}
		{0AA00B1C-C40A-4CBD-8B3E-D4AD39807BAB} = {43351D6C-CF82-4679-A12E-2DBEEA5E7110}
		{A9FC9CF5-F834-421F-82C0-7F1414A6496A} = {5A2C3572-B8BC-4EA2-8953-C0589B61A3F3}
		{7E671B3D-934E-4836-BAC9-BF2AFCDFE029} = {5A2C3572-B8BC-4EA2-8953-C0589B61A3F3}
		{F63CD853-7F42-45A9-ACA0-DF37E45A2D7F} = {5A2C3572-B8BC-4EA2-8953-C0589B61A3F3}
		{1E00A629-6748-470A-AE51-8C4EA282C87E} = {5A2C3572-B8BC-4EA2-8953-C0589B61A3F3}
		{8A98D1D2-0C3B-4DB8-A833-9D0B2F514D29} = {5A2C3572-B8BC-4EA2-8953-C0589B61A3F3}
		{3AEE6D97-8BAA-4CEA-BEF3-C9FCB12B58B9} = {5A2C3572-B8BC-4EA2-8953-C0589B61A3F3}
		{2485362D-566B-4D52-A16F-BD1ED34410DB} = {5A2C3572-B8BC-4EA2-8953-C0589B61A3F3}
		{97FA2EC9-128C-4906-A496-2DBE9B472029} = {5A2C3572-B8BC-4EA2-8953-C0589B61A3F3}
		{A624ADA2-B8BF-48FA-964B-5E1C31B84B30} = {5A2C3572-B8BC-4EA2-8953-C0589B61A3F3}
		{7906DEF1-1322-4586-A65C-702F4702455C} = {0AA00B1C-C40A-4CBD-8B3E-D4AD39807BAB}
		{AC60FBC8-278A-4084-96F4-99B42ACF3179} = {0AA00B1C-C40A-4CBD-8B3E-D4AD39807BAB}
		{8ADABB46-E05A-48EB-9F1D-4B1092E25C61} = {0AA00B1C-C40A-4CBD-8B3E-D4AD39807BAB}
		{57A84510-68D7-4AD7-A449-C78ADD1B660C} = {0AA00B1C-C40A-4CBD-8B3E-D4AD39807BAB}
		{E4D44521-4C65-41CA-895B-27D621F1FF92} = {0AA00B1C-C40A-4CBD-8B3E-D4AD39807BAB}
		{C2A402E4-1E20-454F-8E2F-47A07FBD480F} = {545294C3-2CC7-4F40-8FE2-7C49D898FD55}
		{DC04723A-041B-448E-B3AA-877B7FC60F03} = {D71118A1-1B5E-4C05-8C24-4D3AAAE1BEEB}
		{290105D0-789D-4F08-A950-5941008BB2BA} = {545294C3-2CC7-4F40-8FE2-7C49D898FD55}
	EndGlobalSection
	GlobalSection(ProjectConfigurationPlatforms) = postSolution
		{4B66683B-4CA4-430A-9DBB-8A190FE25F86}.Debug|Any CPU.ActiveCfg = Debug|Any CPU
		{4B66683B-4CA4-430A-9DBB-8A190FE25F86}.Debug|Any CPU.Build.0 = Debug|Any CPU
		{4B66683B-4CA4-430A-9DBB-8A190FE25F86}.Release|Any CPU.ActiveCfg = Release|Any CPU
		{4B66683B-4CA4-430A-9DBB-8A190FE25F86}.Release|Any CPU.Build.0 = Release|Any CPU
		{A2D1CFDA-3FAF-4184-BBAB-07DC79CA3D8C}.Debug|Any CPU.ActiveCfg = Debug|Any CPU
		{A2D1CFDA-3FAF-4184-BBAB-07DC79CA3D8C}.Debug|Any CPU.Build.0 = Debug|Any CPU
		{A2D1CFDA-3FAF-4184-BBAB-07DC79CA3D8C}.Release|Any CPU.ActiveCfg = Release|Any CPU
		{A2D1CFDA-3FAF-4184-BBAB-07DC79CA3D8C}.Release|Any CPU.Build.0 = Release|Any CPU
		{44720785-6D33-4204-8C46-D1BF7B5379C5}.Debug|Any CPU.ActiveCfg = Debug|Any CPU
		{44720785-6D33-4204-8C46-D1BF7B5379C5}.Debug|Any CPU.Build.0 = Debug|Any CPU
		{44720785-6D33-4204-8C46-D1BF7B5379C5}.Release|Any CPU.ActiveCfg = Release|Any CPU
		{44720785-6D33-4204-8C46-D1BF7B5379C5}.Release|Any CPU.Build.0 = Release|Any CPU
		{2740EF53-A383-4833-A550-51D02CA6121D}.Debug|Any CPU.ActiveCfg = Debug|Any CPU
		{2740EF53-A383-4833-A550-51D02CA6121D}.Debug|Any CPU.Build.0 = Debug|Any CPU
		{2740EF53-A383-4833-A550-51D02CA6121D}.Release|Any CPU.ActiveCfg = Release|Any CPU
		{2740EF53-A383-4833-A550-51D02CA6121D}.Release|Any CPU.Build.0 = Release|Any CPU
		{2E4F7123-739B-407E-941C-B6F13D6D7D8F}.Debug|Any CPU.ActiveCfg = Debug|Any CPU
		{2E4F7123-739B-407E-941C-B6F13D6D7D8F}.Debug|Any CPU.Build.0 = Debug|Any CPU
		{2E4F7123-739B-407E-941C-B6F13D6D7D8F}.Release|Any CPU.ActiveCfg = Release|Any CPU
		{2E4F7123-739B-407E-941C-B6F13D6D7D8F}.Release|Any CPU.Build.0 = Release|Any CPU
		{59BE7FE2-B377-4FF1-9589-61E2384E97F3}.Debug|Any CPU.ActiveCfg = Debug|Any CPU
		{59BE7FE2-B377-4FF1-9589-61E2384E97F3}.Debug|Any CPU.Build.0 = Debug|Any CPU
		{59BE7FE2-B377-4FF1-9589-61E2384E97F3}.Release|Any CPU.ActiveCfg = Release|Any CPU
		{59BE7FE2-B377-4FF1-9589-61E2384E97F3}.Release|Any CPU.Build.0 = Release|Any CPU
		{3A543EAB-19F0-43F9-B82A-A94FEF5FAE9A}.Debug|Any CPU.ActiveCfg = Debug|Any CPU
		{3A543EAB-19F0-43F9-B82A-A94FEF5FAE9A}.Debug|Any CPU.Build.0 = Debug|Any CPU
		{3A543EAB-19F0-43F9-B82A-A94FEF5FAE9A}.Release|Any CPU.ActiveCfg = Release|Any CPU
		{3A543EAB-19F0-43F9-B82A-A94FEF5FAE9A}.Release|Any CPU.Build.0 = Release|Any CPU
		{97840FD0-CBC4-4823-8030-1808E7B2B7D7}.Debug|Any CPU.ActiveCfg = Debug|Any CPU
		{97840FD0-CBC4-4823-8030-1808E7B2B7D7}.Debug|Any CPU.Build.0 = Debug|Any CPU
		{97840FD0-CBC4-4823-8030-1808E7B2B7D7}.Release|Any CPU.ActiveCfg = Release|Any CPU
		{97840FD0-CBC4-4823-8030-1808E7B2B7D7}.Release|Any CPU.Build.0 = Release|Any CPU
		{F0BEBC5C-C328-4A71-8591-88F939601389}.Debug|Any CPU.ActiveCfg = Debug|Any CPU
		{F0BEBC5C-C328-4A71-8591-88F939601389}.Debug|Any CPU.Build.0 = Debug|Any CPU
		{F0BEBC5C-C328-4A71-8591-88F939601389}.Release|Any CPU.ActiveCfg = Release|Any CPU
		{F0BEBC5C-C328-4A71-8591-88F939601389}.Release|Any CPU.Build.0 = Release|Any CPU
		{B32A33B6-554F-4BC3-A04A-64018F46879E}.Debug|Any CPU.ActiveCfg = Debug|Any CPU
		{B32A33B6-554F-4BC3-A04A-64018F46879E}.Debug|Any CPU.Build.0 = Debug|Any CPU
		{B32A33B6-554F-4BC3-A04A-64018F46879E}.Release|Any CPU.ActiveCfg = Release|Any CPU
		{B32A33B6-554F-4BC3-A04A-64018F46879E}.Release|Any CPU.Build.0 = Release|Any CPU
		{8715B624-D1E2-4705-96C0-DF41DDB98D78}.Debug|Any CPU.ActiveCfg = Debug|Any CPU
		{8715B624-D1E2-4705-96C0-DF41DDB98D78}.Debug|Any CPU.Build.0 = Debug|Any CPU
		{8715B624-D1E2-4705-96C0-DF41DDB98D78}.Release|Any CPU.ActiveCfg = Release|Any CPU
		{8715B624-D1E2-4705-96C0-DF41DDB98D78}.Release|Any CPU.Build.0 = Release|Any CPU
		{021991BF-6621-4C6B-BC4D-43AE8834EFC2}.Debug|Any CPU.ActiveCfg = Debug|Any CPU
		{021991BF-6621-4C6B-BC4D-43AE8834EFC2}.Debug|Any CPU.Build.0 = Debug|Any CPU
		{021991BF-6621-4C6B-BC4D-43AE8834EFC2}.Release|Any CPU.ActiveCfg = Release|Any CPU
		{021991BF-6621-4C6B-BC4D-43AE8834EFC2}.Release|Any CPU.Build.0 = Release|Any CPU
		{07EFF3A0-23D0-49E0-B021-A693BC8EB036}.Debug|Any CPU.ActiveCfg = Debug|Any CPU
		{07EFF3A0-23D0-49E0-B021-A693BC8EB036}.Debug|Any CPU.Build.0 = Debug|Any CPU
		{07EFF3A0-23D0-49E0-B021-A693BC8EB036}.Release|Any CPU.ActiveCfg = Release|Any CPU
		{07EFF3A0-23D0-49E0-B021-A693BC8EB036}.Release|Any CPU.Build.0 = Release|Any CPU
		{BA7BB380-5851-47ED-90B4-58C6C9A150DC}.Debug|Any CPU.ActiveCfg = Debug|Any CPU
		{BA7BB380-5851-47ED-90B4-58C6C9A150DC}.Debug|Any CPU.Build.0 = Debug|Any CPU
		{BA7BB380-5851-47ED-90B4-58C6C9A150DC}.Release|Any CPU.ActiveCfg = Release|Any CPU
		{BA7BB380-5851-47ED-90B4-58C6C9A150DC}.Release|Any CPU.Build.0 = Release|Any CPU
		{275E2B6A-6A29-4BD5-A5DC-77815FA9A886}.Debug|Any CPU.ActiveCfg = Debug|Any CPU
		{275E2B6A-6A29-4BD5-A5DC-77815FA9A886}.Debug|Any CPU.Build.0 = Debug|Any CPU
		{275E2B6A-6A29-4BD5-A5DC-77815FA9A886}.Release|Any CPU.ActiveCfg = Release|Any CPU
		{275E2B6A-6A29-4BD5-A5DC-77815FA9A886}.Release|Any CPU.Build.0 = Release|Any CPU
		{D6E17213-B65C-4012-A5E4-4E843CB4ACC2}.Debug|Any CPU.ActiveCfg = Debug|Any CPU
		{D6E17213-B65C-4012-A5E4-4E843CB4ACC2}.Debug|Any CPU.Build.0 = Debug|Any CPU
		{D6E17213-B65C-4012-A5E4-4E843CB4ACC2}.Release|Any CPU.ActiveCfg = Release|Any CPU
		{D6E17213-B65C-4012-A5E4-4E843CB4ACC2}.Release|Any CPU.Build.0 = Release|Any CPU
		{2ED19814-0D4A-4D99-A058-920D45D8D8AA}.Debug|Any CPU.ActiveCfg = Debug|Any CPU
		{2ED19814-0D4A-4D99-A058-920D45D8D8AA}.Debug|Any CPU.Build.0 = Debug|Any CPU
		{2ED19814-0D4A-4D99-A058-920D45D8D8AA}.Release|Any CPU.ActiveCfg = Release|Any CPU
		{2ED19814-0D4A-4D99-A058-920D45D8D8AA}.Release|Any CPU.Build.0 = Release|Any CPU
		{9DEFB812-21C5-4CCC-95E1-878527F13EDE}.Debug|Any CPU.ActiveCfg = Debug|Any CPU
		{9DEFB812-21C5-4CCC-95E1-878527F13EDE}.Debug|Any CPU.Build.0 = Debug|Any CPU
		{9DEFB812-21C5-4CCC-95E1-878527F13EDE}.Release|Any CPU.ActiveCfg = Release|Any CPU
		{9DEFB812-21C5-4CCC-95E1-878527F13EDE}.Release|Any CPU.Build.0 = Release|Any CPU
		{989F977D-5B96-4541-B589-84D51F754D4B}.Debug|Any CPU.ActiveCfg = Debug|Any CPU
		{989F977D-5B96-4541-B589-84D51F754D4B}.Debug|Any CPU.Build.0 = Debug|Any CPU
		{989F977D-5B96-4541-B589-84D51F754D4B}.Release|Any CPU.ActiveCfg = Release|Any CPU
		{989F977D-5B96-4541-B589-84D51F754D4B}.Release|Any CPU.Build.0 = Release|Any CPU
		{AF711EC6-3E57-4084-8158-2FFA9BE84EE9}.Debug|Any CPU.ActiveCfg = Debug|Any CPU
		{AF711EC6-3E57-4084-8158-2FFA9BE84EE9}.Debug|Any CPU.Build.0 = Debug|Any CPU
		{AF711EC6-3E57-4084-8158-2FFA9BE84EE9}.Release|Any CPU.ActiveCfg = Release|Any CPU
		{AF711EC6-3E57-4084-8158-2FFA9BE84EE9}.Release|Any CPU.Build.0 = Release|Any CPU
		{A2912281-6E01-499C-9581-F2F45D222D1E}.Debug|Any CPU.ActiveCfg = Debug|Any CPU
		{A2912281-6E01-499C-9581-F2F45D222D1E}.Debug|Any CPU.Build.0 = Debug|Any CPU
		{A2912281-6E01-499C-9581-F2F45D222D1E}.Release|Any CPU.ActiveCfg = Release|Any CPU
		{A2912281-6E01-499C-9581-F2F45D222D1E}.Release|Any CPU.Build.0 = Release|Any CPU
		{B518F2F9-8582-41B8-97BF-76E59DB405A7}.Debug|Any CPU.ActiveCfg = Debug|Any CPU
		{B518F2F9-8582-41B8-97BF-76E59DB405A7}.Debug|Any CPU.Build.0 = Debug|Any CPU
		{B518F2F9-8582-41B8-97BF-76E59DB405A7}.Release|Any CPU.ActiveCfg = Release|Any CPU
		{B518F2F9-8582-41B8-97BF-76E59DB405A7}.Release|Any CPU.Build.0 = Release|Any CPU
		{994E9836-4547-4F36-B7CB-8A803F095FA6}.Debug|Any CPU.ActiveCfg = Debug|Any CPU
		{994E9836-4547-4F36-B7CB-8A803F095FA6}.Debug|Any CPU.Build.0 = Debug|Any CPU
		{994E9836-4547-4F36-B7CB-8A803F095FA6}.Release|Any CPU.ActiveCfg = Release|Any CPU
		{994E9836-4547-4F36-B7CB-8A803F095FA6}.Release|Any CPU.Build.0 = Release|Any CPU
		{72799D72-A460-408D-A26B-BEA92A472349}.Debug|Any CPU.ActiveCfg = Debug|Any CPU
		{72799D72-A460-408D-A26B-BEA92A472349}.Debug|Any CPU.Build.0 = Debug|Any CPU
		{72799D72-A460-408D-A26B-BEA92A472349}.Release|Any CPU.ActiveCfg = Release|Any CPU
		{72799D72-A460-408D-A26B-BEA92A472349}.Release|Any CPU.Build.0 = Release|Any CPU
		{CA53FA59-879F-4ABA-B2AC-F96B33368C5D}.Debug|Any CPU.ActiveCfg = Debug|Any CPU
		{CA53FA59-879F-4ABA-B2AC-F96B33368C5D}.Debug|Any CPU.Build.0 = Debug|Any CPU
		{CA53FA59-879F-4ABA-B2AC-F96B33368C5D}.Release|Any CPU.ActiveCfg = Release|Any CPU
		{CA53FA59-879F-4ABA-B2AC-F96B33368C5D}.Release|Any CPU.Build.0 = Release|Any CPU
		{61BDE637-4709-4995-B53C-25DB2171B1A9}.Debug|Any CPU.ActiveCfg = Debug|Any CPU
		{61BDE637-4709-4995-B53C-25DB2171B1A9}.Debug|Any CPU.Build.0 = Debug|Any CPU
		{61BDE637-4709-4995-B53C-25DB2171B1A9}.Release|Any CPU.ActiveCfg = Release|Any CPU
		{61BDE637-4709-4995-B53C-25DB2171B1A9}.Release|Any CPU.Build.0 = Release|Any CPU
		{1926B27D-BE18-4799-8E79-087952A25E7B}.Debug|Any CPU.ActiveCfg = Debug|Any CPU
		{1926B27D-BE18-4799-8E79-087952A25E7B}.Debug|Any CPU.Build.0 = Debug|Any CPU
		{1926B27D-BE18-4799-8E79-087952A25E7B}.Release|Any CPU.ActiveCfg = Release|Any CPU
		{1926B27D-BE18-4799-8E79-087952A25E7B}.Release|Any CPU.Build.0 = Release|Any CPU
		{87D25394-F1D4-49A2-911A-B6F4A7CD915D}.Debug|Any CPU.ActiveCfg = Debug|Any CPU
		{87D25394-F1D4-49A2-911A-B6F4A7CD915D}.Debug|Any CPU.Build.0 = Debug|Any CPU
		{87D25394-F1D4-49A2-911A-B6F4A7CD915D}.Release|Any CPU.ActiveCfg = Release|Any CPU
		{87D25394-F1D4-49A2-911A-B6F4A7CD915D}.Release|Any CPU.Build.0 = Release|Any CPU
		{56F0EBA8-D9C0-4880-9A2E-4FA05007FDE0}.Debug|Any CPU.ActiveCfg = Debug|Any CPU
		{56F0EBA8-D9C0-4880-9A2E-4FA05007FDE0}.Debug|Any CPU.Build.0 = Debug|Any CPU
		{56F0EBA8-D9C0-4880-9A2E-4FA05007FDE0}.Release|Any CPU.ActiveCfg = Release|Any CPU
		{56F0EBA8-D9C0-4880-9A2E-4FA05007FDE0}.Release|Any CPU.Build.0 = Release|Any CPU
		{973E8C63-7FC6-47BE-A687-48EBA8E9926D}.Debug|Any CPU.ActiveCfg = Debug|Any CPU
		{973E8C63-7FC6-47BE-A687-48EBA8E9926D}.Debug|Any CPU.Build.0 = Debug|Any CPU
		{973E8C63-7FC6-47BE-A687-48EBA8E9926D}.Release|Any CPU.ActiveCfg = Release|Any CPU
		{973E8C63-7FC6-47BE-A687-48EBA8E9926D}.Release|Any CPU.Build.0 = Release|Any CPU
		{032204AF-50E2-4220-8857-D02150BFE7AC}.Debug|Any CPU.ActiveCfg = Debug|Any CPU
		{032204AF-50E2-4220-8857-D02150BFE7AC}.Debug|Any CPU.Build.0 = Debug|Any CPU
		{032204AF-50E2-4220-8857-D02150BFE7AC}.Release|Any CPU.ActiveCfg = Release|Any CPU
		{032204AF-50E2-4220-8857-D02150BFE7AC}.Release|Any CPU.Build.0 = Release|Any CPU
		{F8576EF4-8E2C-439B-AB96-66CCC9609D1C}.Debug|Any CPU.ActiveCfg = Debug|Any CPU
		{F8576EF4-8E2C-439B-AB96-66CCC9609D1C}.Debug|Any CPU.Build.0 = Debug|Any CPU
		{F8576EF4-8E2C-439B-AB96-66CCC9609D1C}.Release|Any CPU.ActiveCfg = Release|Any CPU
		{F8576EF4-8E2C-439B-AB96-66CCC9609D1C}.Release|Any CPU.Build.0 = Release|Any CPU
		{7FA951F2-071F-419A-8591-48FF913F8CE2}.Debug|Any CPU.ActiveCfg = Debug|Any CPU
		{7FA951F2-071F-419A-8591-48FF913F8CE2}.Debug|Any CPU.Build.0 = Debug|Any CPU
		{7FA951F2-071F-419A-8591-48FF913F8CE2}.Release|Any CPU.ActiveCfg = Release|Any CPU
		{7FA951F2-071F-419A-8591-48FF913F8CE2}.Release|Any CPU.Build.0 = Release|Any CPU
		{C5EF3BF8-6144-4848-826B-318BFBEA9704}.Debug|Any CPU.ActiveCfg = Debug|Any CPU
		{C5EF3BF8-6144-4848-826B-318BFBEA9704}.Debug|Any CPU.Build.0 = Debug|Any CPU
		{C5EF3BF8-6144-4848-826B-318BFBEA9704}.Release|Any CPU.ActiveCfg = Release|Any CPU
		{C5EF3BF8-6144-4848-826B-318BFBEA9704}.Release|Any CPU.Build.0 = Release|Any CPU
		{BEDAE24C-7E75-4DAD-8821-A60316C4DD9F}.Debug|Any CPU.ActiveCfg = Debug|Any CPU
		{BEDAE24C-7E75-4DAD-8821-A60316C4DD9F}.Debug|Any CPU.Build.0 = Debug|Any CPU
		{BEDAE24C-7E75-4DAD-8821-A60316C4DD9F}.Release|Any CPU.ActiveCfg = Release|Any CPU
		{BEDAE24C-7E75-4DAD-8821-A60316C4DD9F}.Release|Any CPU.Build.0 = Release|Any CPU
		{8E91A592-4ED1-4539-A088-BAAD178A5887}.Debug|Any CPU.ActiveCfg = Debug|Any CPU
		{8E91A592-4ED1-4539-A088-BAAD178A5887}.Debug|Any CPU.Build.0 = Debug|Any CPU
		{8E91A592-4ED1-4539-A088-BAAD178A5887}.Release|Any CPU.ActiveCfg = Release|Any CPU
		{8E91A592-4ED1-4539-A088-BAAD178A5887}.Release|Any CPU.Build.0 = Release|Any CPU
		{5275C929-3EA6-4967-BCF6-760629DB7243}.Debug|Any CPU.ActiveCfg = Debug|Any CPU
		{5275C929-3EA6-4967-BCF6-760629DB7243}.Debug|Any CPU.Build.0 = Debug|Any CPU
		{5275C929-3EA6-4967-BCF6-760629DB7243}.Release|Any CPU.ActiveCfg = Release|Any CPU
		{5275C929-3EA6-4967-BCF6-760629DB7243}.Release|Any CPU.Build.0 = Release|Any CPU
		{CB945760-D704-4822-BA39-016175841F9A}.Debug|Any CPU.ActiveCfg = Debug|Any CPU
		{CB945760-D704-4822-BA39-016175841F9A}.Debug|Any CPU.Build.0 = Debug|Any CPU
		{CB945760-D704-4822-BA39-016175841F9A}.Release|Any CPU.ActiveCfg = Release|Any CPU
		{CB945760-D704-4822-BA39-016175841F9A}.Release|Any CPU.Build.0 = Release|Any CPU
		{D7093FCF-998F-4653-8F35-936174666AB0}.Debug|Any CPU.ActiveCfg = Debug|Any CPU
		{D7093FCF-998F-4653-8F35-936174666AB0}.Debug|Any CPU.Build.0 = Debug|Any CPU
		{D7093FCF-998F-4653-8F35-936174666AB0}.Release|Any CPU.ActiveCfg = Release|Any CPU
		{D7093FCF-998F-4653-8F35-936174666AB0}.Release|Any CPU.Build.0 = Release|Any CPU
		{CC4A8424-F605-44A5-B274-1DB9006AA5DE}.Debug|Any CPU.ActiveCfg = Debug|Any CPU
		{CC4A8424-F605-44A5-B274-1DB9006AA5DE}.Debug|Any CPU.Build.0 = Debug|Any CPU
		{CC4A8424-F605-44A5-B274-1DB9006AA5DE}.Release|Any CPU.ActiveCfg = Release|Any CPU
		{CC4A8424-F605-44A5-B274-1DB9006AA5DE}.Release|Any CPU.Build.0 = Release|Any CPU
		{ED70EE1D-2AE4-467B-9638-21FF46B8F504}.Debug|Any CPU.ActiveCfg = Debug|Any CPU
		{ED70EE1D-2AE4-467B-9638-21FF46B8F504}.Debug|Any CPU.Build.0 = Debug|Any CPU
		{ED70EE1D-2AE4-467B-9638-21FF46B8F504}.Release|Any CPU.ActiveCfg = Release|Any CPU
		{ED70EE1D-2AE4-467B-9638-21FF46B8F504}.Release|Any CPU.Build.0 = Release|Any CPU
		{CF699804-8FD8-4CF0-B850-E98F82418B1E}.Debug|Any CPU.ActiveCfg = Debug|Any CPU
		{CF699804-8FD8-4CF0-B850-E98F82418B1E}.Debug|Any CPU.Build.0 = Debug|Any CPU
		{CF699804-8FD8-4CF0-B850-E98F82418B1E}.Release|Any CPU.ActiveCfg = Release|Any CPU
		{CF699804-8FD8-4CF0-B850-E98F82418B1E}.Release|Any CPU.Build.0 = Release|Any CPU
		{A9FC9CF5-F834-421F-82C0-7F1414A6496A}.Debug|Any CPU.ActiveCfg = Debug|Any CPU
		{A9FC9CF5-F834-421F-82C0-7F1414A6496A}.Debug|Any CPU.Build.0 = Debug|Any CPU
		{A9FC9CF5-F834-421F-82C0-7F1414A6496A}.Release|Any CPU.ActiveCfg = Release|Any CPU
		{A9FC9CF5-F834-421F-82C0-7F1414A6496A}.Release|Any CPU.Build.0 = Release|Any CPU
		{7E671B3D-934E-4836-BAC9-BF2AFCDFE029}.Debug|Any CPU.ActiveCfg = Debug|Any CPU
		{7E671B3D-934E-4836-BAC9-BF2AFCDFE029}.Debug|Any CPU.Build.0 = Debug|Any CPU
		{7E671B3D-934E-4836-BAC9-BF2AFCDFE029}.Release|Any CPU.ActiveCfg = Release|Any CPU
		{7E671B3D-934E-4836-BAC9-BF2AFCDFE029}.Release|Any CPU.Build.0 = Release|Any CPU
		{F63CD853-7F42-45A9-ACA0-DF37E45A2D7F}.Debug|Any CPU.ActiveCfg = Debug|Any CPU
		{F63CD853-7F42-45A9-ACA0-DF37E45A2D7F}.Debug|Any CPU.Build.0 = Debug|Any CPU
		{F63CD853-7F42-45A9-ACA0-DF37E45A2D7F}.Release|Any CPU.ActiveCfg = Release|Any CPU
		{F63CD853-7F42-45A9-ACA0-DF37E45A2D7F}.Release|Any CPU.Build.0 = Release|Any CPU
		{1E00A629-6748-470A-AE51-8C4EA282C87E}.Debug|Any CPU.ActiveCfg = Debug|Any CPU
		{1E00A629-6748-470A-AE51-8C4EA282C87E}.Debug|Any CPU.Build.0 = Debug|Any CPU
		{1E00A629-6748-470A-AE51-8C4EA282C87E}.Release|Any CPU.ActiveCfg = Release|Any CPU
		{1E00A629-6748-470A-AE51-8C4EA282C87E}.Release|Any CPU.Build.0 = Release|Any CPU
		{8A98D1D2-0C3B-4DB8-A833-9D0B2F514D29}.Debug|Any CPU.ActiveCfg = Debug|Any CPU
		{8A98D1D2-0C3B-4DB8-A833-9D0B2F514D29}.Debug|Any CPU.Build.0 = Debug|Any CPU
		{8A98D1D2-0C3B-4DB8-A833-9D0B2F514D29}.Release|Any CPU.ActiveCfg = Release|Any CPU
		{8A98D1D2-0C3B-4DB8-A833-9D0B2F514D29}.Release|Any CPU.Build.0 = Release|Any CPU
		{3AEE6D97-8BAA-4CEA-BEF3-C9FCB12B58B9}.Debug|Any CPU.ActiveCfg = Debug|Any CPU
		{3AEE6D97-8BAA-4CEA-BEF3-C9FCB12B58B9}.Debug|Any CPU.Build.0 = Debug|Any CPU
		{3AEE6D97-8BAA-4CEA-BEF3-C9FCB12B58B9}.Release|Any CPU.ActiveCfg = Release|Any CPU
		{3AEE6D97-8BAA-4CEA-BEF3-C9FCB12B58B9}.Release|Any CPU.Build.0 = Release|Any CPU
		{2485362D-566B-4D52-A16F-BD1ED34410DB}.Debug|Any CPU.ActiveCfg = Debug|Any CPU
		{2485362D-566B-4D52-A16F-BD1ED34410DB}.Debug|Any CPU.Build.0 = Debug|Any CPU
		{2485362D-566B-4D52-A16F-BD1ED34410DB}.Release|Any CPU.ActiveCfg = Release|Any CPU
		{2485362D-566B-4D52-A16F-BD1ED34410DB}.Release|Any CPU.Build.0 = Release|Any CPU
		{97FA2EC9-128C-4906-A496-2DBE9B472029}.Debug|Any CPU.ActiveCfg = Debug|Any CPU
		{97FA2EC9-128C-4906-A496-2DBE9B472029}.Debug|Any CPU.Build.0 = Debug|Any CPU
		{97FA2EC9-128C-4906-A496-2DBE9B472029}.Release|Any CPU.ActiveCfg = Release|Any CPU
		{97FA2EC9-128C-4906-A496-2DBE9B472029}.Release|Any CPU.Build.0 = Release|Any CPU
		{A624ADA2-B8BF-48FA-964B-5E1C31B84B30}.Debug|Any CPU.ActiveCfg = Debug|Any CPU
		{A624ADA2-B8BF-48FA-964B-5E1C31B84B30}.Debug|Any CPU.Build.0 = Debug|Any CPU
		{A624ADA2-B8BF-48FA-964B-5E1C31B84B30}.Release|Any CPU.ActiveCfg = Release|Any CPU
		{A624ADA2-B8BF-48FA-964B-5E1C31B84B30}.Release|Any CPU.Build.0 = Release|Any CPU
		{7906DEF1-1322-4586-A65C-702F4702455C}.Debug|Any CPU.ActiveCfg = Debug|Any CPU
		{7906DEF1-1322-4586-A65C-702F4702455C}.Debug|Any CPU.Build.0 = Debug|Any CPU
		{7906DEF1-1322-4586-A65C-702F4702455C}.Release|Any CPU.ActiveCfg = Release|Any CPU
		{7906DEF1-1322-4586-A65C-702F4702455C}.Release|Any CPU.Build.0 = Release|Any CPU
		{AC60FBC8-278A-4084-96F4-99B42ACF3179}.Debug|Any CPU.ActiveCfg = Debug|Any CPU
		{AC60FBC8-278A-4084-96F4-99B42ACF3179}.Debug|Any CPU.Build.0 = Debug|Any CPU
		{AC60FBC8-278A-4084-96F4-99B42ACF3179}.Release|Any CPU.ActiveCfg = Release|Any CPU
		{AC60FBC8-278A-4084-96F4-99B42ACF3179}.Release|Any CPU.Build.0 = Release|Any CPU
		{8ADABB46-E05A-48EB-9F1D-4B1092E25C61}.Debug|Any CPU.ActiveCfg = Debug|Any CPU
		{8ADABB46-E05A-48EB-9F1D-4B1092E25C61}.Debug|Any CPU.Build.0 = Debug|Any CPU
		{8ADABB46-E05A-48EB-9F1D-4B1092E25C61}.Release|Any CPU.ActiveCfg = Release|Any CPU
		{8ADABB46-E05A-48EB-9F1D-4B1092E25C61}.Release|Any CPU.Build.0 = Release|Any CPU
		{57A84510-68D7-4AD7-A449-C78ADD1B660C}.Debug|Any CPU.ActiveCfg = Debug|Any CPU
		{57A84510-68D7-4AD7-A449-C78ADD1B660C}.Debug|Any CPU.Build.0 = Debug|Any CPU
		{57A84510-68D7-4AD7-A449-C78ADD1B660C}.Release|Any CPU.ActiveCfg = Release|Any CPU
		{57A84510-68D7-4AD7-A449-C78ADD1B660C}.Release|Any CPU.Build.0 = Release|Any CPU
		{E4D44521-4C65-41CA-895B-27D621F1FF92}.Debug|Any CPU.ActiveCfg = Debug|Any CPU
		{E4D44521-4C65-41CA-895B-27D621F1FF92}.Debug|Any CPU.Build.0 = Debug|Any CPU
		{E4D44521-4C65-41CA-895B-27D621F1FF92}.Release|Any CPU.ActiveCfg = Release|Any CPU
		{E4D44521-4C65-41CA-895B-27D621F1FF92}.Release|Any CPU.Build.0 = Release|Any CPU
		{C2A402E4-1E20-454F-8E2F-47A07FBD480F}.Debug|Any CPU.ActiveCfg = Debug|Any CPU
		{C2A402E4-1E20-454F-8E2F-47A07FBD480F}.Debug|Any CPU.Build.0 = Debug|Any CPU
		{C2A402E4-1E20-454F-8E2F-47A07FBD480F}.Release|Any CPU.ActiveCfg = Release|Any CPU
		{C2A402E4-1E20-454F-8E2F-47A07FBD480F}.Release|Any CPU.Build.0 = Release|Any CPU
		{DC04723A-041B-448E-B3AA-877B7FC60F03}.Debug|Any CPU.ActiveCfg = Debug|Any CPU
		{DC04723A-041B-448E-B3AA-877B7FC60F03}.Debug|Any CPU.Build.0 = Debug|Any CPU
		{DC04723A-041B-448E-B3AA-877B7FC60F03}.Release|Any CPU.ActiveCfg = Release|Any CPU
		{DC04723A-041B-448E-B3AA-877B7FC60F03}.Release|Any CPU.Build.0 = Release|Any CPU
		{290105D0-789D-4F08-A950-5941008BB2BA}.Debug|Any CPU.ActiveCfg = Debug|Any CPU
		{290105D0-789D-4F08-A950-5941008BB2BA}.Debug|Any CPU.Build.0 = Debug|Any CPU
		{290105D0-789D-4F08-A950-5941008BB2BA}.Release|Any CPU.ActiveCfg = Release|Any CPU
		{290105D0-789D-4F08-A950-5941008BB2BA}.Release|Any CPU.Build.0 = Release|Any CPU
	EndGlobalSection
EndGlobal
